// !$*UTF8*$!
{
	archiveVersion = 1;
	classes = {
	};
	objectVersion = 56;
	objects = {

/* Begin PBXBuildFile section */
		B00000000000000000000001 /* PasteLiteApp.swift in Sources */ = {isa = PBXBuildFile; fileRef = F00000000000000000000001 /* PasteLiteApp.swift */; };
		B00000000000000000000002 /* AppDelegate.swift in Sources */ = {isa = PBXBuildFile; fileRef = F00000000000000000000002 /* AppDelegate.swift */; };
		B00000000000000000000003 /* ClipboardItem.swift in Sources */ = {isa = PBXBuildFile; fileRef = F00000000000000000000003 /* ClipboardItem.swift */; };
		B00000000000000000000004 /* ClipboardCapture.swift in Sources */ = {isa = PBXBuildFile; fileRef = F00000000000000000000004 /* ClipboardCapture.swift */; };
		B00000000000000000000005 /* ClipboardRepository.swift in Sources */ = {isa = PBXBuildFile; fileRef = F00000000000000000000005 /* ClipboardRepository.swift */; };
		B00000000000000000000006 /* ClipboardMonitor.swift in Sources */ = {isa = PBXBuildFile; fileRef = F00000000000000000000006 /* ClipboardMonitor.swift */; };
		B00000000000000000000007 /* GlobalHotKeyManager.swift in Sources */ = {isa = PBXBuildFile; fileRef = F00000000000000000000007 /* GlobalHotKeyManager.swift */; };
		B00000000000000000000008 /* PasteService.swift in Sources */ = {isa = PBXBuildFile; fileRef = F00000000000000000000008 /* PasteService.swift */; };
		B00000000000000000000009 /* ClipboardViewModel.swift in Sources */ = {isa = PBXBuildFile; fileRef = F00000000000000000000009 /* ClipboardViewModel.swift */; };
		B0000000000000000000000A /* ClipboardRowView.swift in Sources */ = {isa = PBXBuildFile; fileRef = F0000000000000000000000A /* ClipboardRowView.swift */; };
		B0000000000000000000000B /* ClipboardHistoryView.swift in Sources */ = {isa = PBXBuildFile; fileRef = F0000000000000000000000B /* ClipboardHistoryView.swift */; };
		B0000000000000000000000C /* ClipboardPanelController.swift in Sources */ = {isa = PBXBuildFile; fileRef = F0000000000000000000000C /* ClipboardPanelController.swift */; };
		B0000000000000000000000F /* ClipboardItemForm.swift in Sources */ = {isa = PBXBuildFile; fileRef = F0000000000000000000000F /* ClipboardItemForm.swift */; };
		B00000000000000000000010 /* Assets.xcassets in Resources */ = {isa = PBXBuildFile; fileRef = F00000000000000000000010 /* Assets.xcassets */; };
		B00000000000000000000011 /* ClipboardImageLoader.swift in Sources */ = {isa = PBXBuildFile; fileRef = F00000000000000000000011 /* ClipboardImageLoader.swift */; };
		B00000000000000000000012 /* AppIcon.icon in Resources */ = {isa = PBXBuildFile; fileRef = F00000000000000000000012 /* AppIcon.icon */; };
		B00000000000000000000013 /* AboutView.swift in Sources */ = {isa = PBXBuildFile; fileRef = F00000000000000000000013 /* AboutView.swift */; };
		B00000000000000000000014 /* PasteImport.swift in Sources */ = {isa = PBXBuildFile; fileRef = F00000000000000000000014 /* PasteImport.swift */; };
		B00000000000000000000015 /* PasteImportService.swift in Sources */ = {isa = PBXBuildFile; fileRef = F00000000000000000000015 /* PasteImportService.swift */; };
		B00000000000000000000016 /* PasteImportView.swift in Sources */ = {isa = PBXBuildFile; fileRef = F00000000000000000000016 /* PasteImportView.swift */; };
		B00000000000000000000017 /* AppSettings.swift in Sources */ = {isa = PBXBuildFile; fileRef = F00000000000000000000017 /* AppSettings.swift */; };
		B00000000000000000000018 /* SettingsView.swift in Sources */ = {isa = PBXBuildFile; fileRef = F00000000000000000000018 /* SettingsView.swift */; };
		B00000000000000000000019 /* Localizable.strings in Resources */ = {isa = PBXBuildFile; fileRef = V00000000000000000000001 /* Localizable.strings */; };
		B0000000000000000000001B /* LoginItemManager.swift in Sources */ = {isa = PBXBuildFile; fileRef = F0000000000000000000001B /* LoginItemManager.swift */; };
		B0000000000000000000001C /* ClipboardGlass.swift in Sources */ = {isa = PBXBuildFile; fileRef = F0000000000000000000001C /* ClipboardGlass.swift */; };
		B0000000000000000000001D /* ClipboardGroupViews.swift in Sources */ = {isa = PBXBuildFile; fileRef = F0000000000000000000001D /* ClipboardGroupViews.swift */; };
		B0000000000000000000001E /* ClipboardItemContextMenu.swift in Sources */ = {isa = PBXBuildFile; fileRef = F0000000000000000000001E /* ClipboardItemContextMenu.swift */; };
		B0000000000000000000001F /* AppUpdateManager.swift in Sources */ = {isa = PBXBuildFile; fileRef = F0000000000000000000001F /* AppUpdateManager.swift */; };
		B00000000000000000000020 /* AppUpdateView.swift in Sources */ = {isa = PBXBuildFile; fileRef = F00000000000000000000020 /* AppUpdateView.swift */; };
		B00000000000000000000021 /* Sparkle in Frameworks */ = {isa = PBXBuildFile; productRef = D00000000000000000000001 /* Sparkle */; };
		B00000000000000000000022 /* Sparkle-LICENSE.txt in Resources */ = {isa = PBXBuildFile; fileRef = F00000000000000000000022 /* Sparkle-LICENSE.txt */; };
/* End PBXBuildFile section */

/* Begin PBXFileReference section */
		F00000000000000000000001 /* PasteLiteApp.swift */ = {isa = PBXFileReference; lastKnownFileType = sourcecode.swift; path = PasteLiteApp.swift; sourceTree = "<group>"; };
		F00000000000000000000002 /* AppDelegate.swift */ = {isa = PBXFileReference; lastKnownFileType = sourcecode.swift; path = AppDelegate.swift; sourceTree = "<group>"; };
		F00000000000000000000003 /* ClipboardItem.swift */ = {isa = PBXFileReference; lastKnownFileType = sourcecode.swift; path = ClipboardItem.swift; sourceTree = "<group>"; };
		F00000000000000000000004 /* ClipboardCapture.swift */ = {isa = PBXFileReference; lastKnownFileType = sourcecode.swift; path = ClipboardCapture.swift; sourceTree = "<group>"; };
		F00000000000000000000005 /* ClipboardRepository.swift */ = {isa = PBXFileReference; lastKnownFileType = sourcecode.swift; path = ClipboardRepository.swift; sourceTree = "<group>"; };
		F00000000000000000000006 /* ClipboardMonitor.swift */ = {isa = PBXFileReference; lastKnownFileType = sourcecode.swift; path = ClipboardMonitor.swift; sourceTree = "<group>"; };
		F00000000000000000000007 /* GlobalHotKeyManager.swift */ = {isa = PBXFileReference; lastKnownFileType = sourcecode.swift; path = GlobalHotKeyManager.swift; sourceTree = "<group>"; };
		F00000000000000000000008 /* PasteService.swift */ = {isa = PBXFileReference; lastKnownFileType = sourcecode.swift; path = PasteService.swift; sourceTree = "<group>"; };
		F00000000000000000000009 /* ClipboardViewModel.swift */ = {isa = PBXFileReference; lastKnownFileType = sourcecode.swift; path = ClipboardViewModel.swift; sourceTree = "<group>"; };
		F0000000000000000000000A /* ClipboardRowView.swift */ = {isa = PBXFileReference; lastKnownFileType = sourcecode.swift; path = ClipboardRowView.swift; sourceTree = "<group>"; };
		F0000000000000000000000B /* ClipboardHistoryView.swift */ = {isa = PBXFileReference; lastKnownFileType = sourcecode.swift; path = ClipboardHistoryView.swift; sourceTree = "<group>"; };
		F0000000000000000000000C /* ClipboardPanelController.swift */ = {isa = PBXFileReference; lastKnownFileType = sourcecode.swift; path = ClipboardPanelController.swift; sourceTree = "<group>"; };
		F0000000000000000000000F /* ClipboardItemForm.swift */ = {isa = PBXFileReference; lastKnownFileType = sourcecode.swift; path = ClipboardItemForm.swift; sourceTree = "<group>"; };
		F00000000000000000000010 /* Assets.xcassets */ = {isa = PBXFileReference; lastKnownFileType = folder.assetcatalog; path = Assets.xcassets; sourceTree = "<group>"; };
		F00000000000000000000011 /* ClipboardImageLoader.swift */ = {isa = PBXFileReference; lastKnownFileType = sourcecode.swift; path = ClipboardImageLoader.swift; sourceTree = "<group>"; };
		F00000000000000000000012 /* AppIcon.icon */ = {isa = PBXFileReference; lastKnownFileType = folder.iconcomposer.icon; path = AppIcon.icon; sourceTree = "<group>"; };
		F00000000000000000000013 /* AboutView.swift */ = {isa = PBXFileReference; lastKnownFileType = sourcecode.swift; path = AboutView.swift; sourceTree = "<group>"; };
		F0000000000000000000000D /* Info.plist */ = {isa = PBXFileReference; lastKnownFileType = text.plist.xml; path = Info.plist; sourceTree = "<group>"; };
		F0000000000000000000000E /* Paste Lite.app */ = {isa = PBXFileReference; explicitFileType = wrapper.application; includeInIndex = 0; path = "Paste Lite.app"; sourceTree = BUILT_PRODUCTS_DIR; };
		F00000000000000000000014 /* PasteImport.swift */ = {isa = PBXFileReference; lastKnownFileType = sourcecode.swift; path = PasteImport.swift; sourceTree = "<group>"; };
		F00000000000000000000015 /* PasteImportService.swift */ = {isa = PBXFileReference; lastKnownFileType = sourcecode.swift; path = PasteImportService.swift; sourceTree = "<group>"; };
		F00000000000000000000016 /* PasteImportView.swift */ = {isa = PBXFileReference; lastKnownFileType = sourcecode.swift; path = PasteImportView.swift; sourceTree = "<group>"; };
		F00000000000000000000017 /* AppSettings.swift */ = {isa = PBXFileReference; lastKnownFileType = sourcecode.swift; path = AppSettings.swift; sourceTree = "<group>"; };
		F00000000000000000000018 /* SettingsView.swift */ = {isa = PBXFileReference; lastKnownFileType = sourcecode.swift; path = SettingsView.swift; sourceTree = "<group>"; };
		F00000000000000000000019 /* en */ = {isa = PBXFileReference; lastKnownFileType = text.plist.strings; name = en; path = en.lproj/Localizable.strings; sourceTree = "<group>"; };
		F0000000000000000000001A /* zh-Hans */ = {isa = PBXFileReference; lastKnownFileType = text.plist.strings; name = "zh-Hans"; path = "zh-Hans.lproj/Localizable.strings"; sourceTree = "<group>"; };
		F0000000000000000000001B /* LoginItemManager.swift */ = {isa = PBXFileReference; lastKnownFileType = sourcecode.swift; path = LoginItemManager.swift; sourceTree = "<group>"; };
		F0000000000000000000001C /* ClipboardGlass.swift */ = {isa = PBXFileReference; lastKnownFileType = sourcecode.swift; path = ClipboardGlass.swift; sourceTree = "<group>"; };
		F0000000000000000000001D /* ClipboardGroupViews.swift */ = {isa = PBXFileReference; lastKnownFileType = sourcecode.swift; path = ClipboardGroupViews.swift; sourceTree = "<group>"; };
		F0000000000000000000001E /* ClipboardItemContextMenu.swift */ = {isa = PBXFileReference; lastKnownFileType = sourcecode.swift; path = ClipboardItemContextMenu.swift; sourceTree = "<group>"; };
		F0000000000000000000001F /* AppUpdateManager.swift */ = {isa = PBXFileReference; lastKnownFileType = sourcecode.swift; path = AppUpdateManager.swift; sourceTree = "<group>"; };
		F00000000000000000000020 /* AppUpdateView.swift */ = {isa = PBXFileReference; lastKnownFileType = sourcecode.swift; path = AppUpdateView.swift; sourceTree = "<group>"; };
		F00000000000000000000022 /* Sparkle-LICENSE.txt */ = {isa = PBXFileReference; lastKnownFileType = text; path = "Sparkle-LICENSE.txt"; sourceTree = "<group>"; };
/* End PBXFileReference section */

/* Begin PBXFrameworksBuildPhase section */
		H00000000000000000000001 /* Frameworks */ = {
			isa = PBXFrameworksBuildPhase;
			buildActionMask = 2147483647;
			files = (
				B00000000000000000000021 /* Sparkle in Frameworks */,
			);
			runOnlyForDeploymentPostprocessing = 0;
		};
/* End PBXFrameworksBuildPhase section */

/* Begin PBXGroup section */
		G00000000000000000000001 = {
			isa = PBXGroup;
			children = (
				G00000000000000000000003 /* PasteLite */,
				G00000000000000000000002 /* Products */,
			);
			sourceTree = "<group>";
		};
		G00000000000000000000002 /* Products */ = {
			isa = PBXGroup;
			children = (
				F0000000000000000000000E /* Paste Lite.app */,
			);
			name = Products;
			sourceTree = "<group>";
		};
		G00000000000000000000003 /* PasteLite */ = {
			isa = PBXGroup;
			children = (
				G00000000000000000000004 /* App */,
				G00000000000000000000005 /* Models */,
				G00000000000000000000006 /* Services */,
				G00000000000000000000007 /* UI */,
				G00000000000000000000008 /* Resources */,
				F00000000000000000000010 /* Assets.xcassets */,
				F00000000000000000000012 /* AppIcon.icon */,
				F0000000000000000000000D /* Info.plist */,
			);
			path = PasteLite;
			sourceTree = "<group>";
		};
		G00000000000000000000004 /* App */ = {
			isa = PBXGroup;
			children = (
				F00000000000000000000001 /* PasteLiteApp.swift */,
				F00000000000000000000002 /* AppDelegate.swift */,
			);
			path = App;
			sourceTree = "<group>";
		};
		G00000000000000000000005 /* Models */ = {
			isa = PBXGroup;
			children = (
				F00000000000000000000014 /* PasteImport.swift */,
				F00000000000000000000003 /* ClipboardItem.swift */,
				F00000000000000000000004 /* ClipboardCapture.swift */,
			);
			path = Models;
			sourceTree = "<group>";
		};
		G00000000000000000000006 /* Services */ = {
			isa = PBXGroup;
			children = (
				F00000000000000000000017 /* AppSettings.swift */,
				F0000000000000000000001F /* AppUpdateManager.swift */,
				F0000000000000000000001B /* LoginItemManager.swift */,
				F00000000000000000000015 /* PasteImportService.swift */,
				F00000000000000000000005 /* ClipboardRepository.swift */,
				F00000000000000000000006 /* ClipboardMonitor.swift */,
				F00000000000000000000007 /* GlobalHotKeyManager.swift */,
				F00000000000000000000008 /* PasteService.swift */,
			);
			path = Services;
			sourceTree = "<group>";
		};
		G00000000000000000000007 /* UI */ = {
			isa = PBXGroup;
			children = (
				F0000000000000000000001C /* ClipboardGlass.swift */,
				F0000000000000000000001D /* ClipboardGroupViews.swift */,
				F0000000000000000000001E /* ClipboardItemContextMenu.swift */,
				F00000000000000000000018 /* SettingsView.swift */,
				F00000000000000000000016 /* PasteImportView.swift */,
				F00000000000000000000009 /* ClipboardViewModel.swift */,
				F0000000000000000000000A /* ClipboardRowView.swift */,
				F0000000000000000000000B /* ClipboardHistoryView.swift */,
				F0000000000000000000000F /* ClipboardItemForm.swift */,
				F00000000000000000000011 /* ClipboardImageLoader.swift */,
				F00000000000000000000013 /* AboutView.swift */,
				F00000000000000000000020 /* AppUpdateView.swift */,
				F0000000000000000000000C /* ClipboardPanelController.swift */,
			);
			path = UI;
			sourceTree = "<group>";
		};
		G00000000000000000000008 /* Resources */ = {
			isa = PBXGroup;
			children = (V00000000000000000000001 /* Localizable.strings */, F00000000000000000000022 /* Sparkle-LICENSE.txt */,);
			path = Resources;
			sourceTree = "<group>";
		};
/* End PBXGroup section */

/* Begin PBXVariantGroup section */
		V00000000000000000000001 /* Localizable.strings */ = {
			isa = PBXVariantGroup;
			children = (F00000000000000000000019 /* en */, F0000000000000000000001A /* zh-Hans */,);
			name = Localizable.strings;
			sourceTree = "<group>";
		};
/* End PBXVariantGroup section */

/* Begin PBXNativeTarget section */
		T00000000000000000000001 /* PasteLite */ = {
			isa = PBXNativeTarget;
			buildConfigurationList = L00000000000000000000002 /* Build configuration list for PBXNativeTarget "PasteLite" */;
			buildPhases = (
				S00000000000000000000001 /* Sources */,
				H00000000000000000000001 /* Frameworks */,
				R00000000000000000000001 /* Resources */,
			);
			buildRules = (
			);
			dependencies = (
			);
			name = PasteLite;
			packageProductDependencies = (D00000000000000000000001 /* Sparkle */,);
			productName = PasteLite;
			productReference = F0000000000000000000000E /* Paste Lite.app */;
			productType = "com.apple.product-type.application";
		};
/* End PBXNativeTarget section */

/* Begin PBXProject section */
		P00000000000000000000001 /* Project object */ = {
			isa = PBXProject;
			attributes = {
				BuildIndependentTargetsInParallel = 1;
				LastSwiftUpdateCheck = 2660;
				LastUpgradeCheck = 2660;
				TargetAttributes = {
					T00000000000000000000001 = {
						CreatedOnToolsVersion = 26.6;
					};
				};
			};
			buildConfigurationList = L00000000000000000000001 /* Build configuration list for PBXProject "PasteLite" */;
			compatibilityVersion = "Xcode 14.0";
			developmentRegion = en;
			hasScannedForEncodings = 0;
			knownRegions = (
				Base,
				en,
				"zh-Hans",
			);
			mainGroup = G00000000000000000000001;
			productRefGroup = G00000000000000000000002 /* Products */;
			packageReferences = (D00000000000000000000002 /* Sparkle */,);
			projectDirPath = "";
			projectRoot = "";
			targets = (
				T00000000000000000000001 /* PasteLite */,
			);
		};
/* End PBXProject section */

/* Begin PBXResourcesBuildPhase section */
		R00000000000000000000001 /* Resources */ = {
			isa = PBXResourcesBuildPhase;
			buildActionMask = 2147483647;
			files = (
				B00000000000000000000010 /* Assets.xcassets in Resources */,
				B00000000000000000000022 /* Sparkle-LICENSE.txt in Resources */,
				B00000000000000000000012 /* AppIcon.icon in Resources */,
				B00000000000000000000019 /* Localizable.strings in Resources */,
			);
			runOnlyForDeploymentPostprocessing = 0;
		};
/* End PBXResourcesBuildPhase section */

/* Begin PBXSourcesBuildPhase section */
		S00000000000000000000001 /* Sources */ = {
			isa = PBXSourcesBuildPhase;
			buildActionMask = 2147483647;
			files = (
				B0000000000000000000001C /* ClipboardGlass.swift in Sources */,
				B0000000000000000000001D /* ClipboardGroupViews.swift in Sources */,
				B0000000000000000000001E /* ClipboardItemContextMenu.swift in Sources */,
				B00000000000000000000018 /* SettingsView.swift in Sources */,
				B00000000000000000000017 /* AppSettings.swift in Sources */,
				B0000000000000000000001B /* LoginItemManager.swift in Sources */,
				B00000000000000000000016 /* PasteImportView.swift in Sources */,
				B00000000000000000000015 /* PasteImportService.swift in Sources */,
				B00000000000000000000014 /* PasteImport.swift in Sources */,
				B00000000000000000000001 /* PasteLiteApp.swift in Sources */,
				B00000000000000000000002 /* AppDelegate.swift in Sources */,
				B00000000000000000000020 /* AppUpdateView.swift in Sources */,
				B0000000000000000000001F /* AppUpdateManager.swift in Sources */,
				B00000000000000000000003 /* ClipboardItem.swift in Sources */,
				B00000000000000000000004 /* ClipboardCapture.swift in Sources */,
				B00000000000000000000005 /* ClipboardRepository.swift in Sources */,
				B00000000000000000000006 /* ClipboardMonitor.swift in Sources */,
				B00000000000000000000007 /* GlobalHotKeyManager.swift in Sources */,
				B00000000000000000000008 /* PasteService.swift in Sources */,
				B00000000000000000000009 /* ClipboardViewModel.swift in Sources */,
				B0000000000000000000000A /* ClipboardRowView.swift in Sources */,
				B0000000000000000000000B /* ClipboardHistoryView.swift in Sources */,
				B0000000000000000000000F /* ClipboardItemForm.swift in Sources */,
				B00000000000000000000011 /* ClipboardImageLoader.swift in Sources */,
				B00000000000000000000013 /* AboutView.swift in Sources */,
				B0000000000000000000000C /* ClipboardPanelController.swift in Sources */,
			);
			runOnlyForDeploymentPostprocessing = 0;
		};
/* End PBXSourcesBuildPhase section */

/* Begin XCBuildConfiguration section */
		C00000000000000000000001 /* Debug */ = {
			isa = XCBuildConfiguration;
			buildSettings = {
				ALWAYS_SEARCH_USER_PATHS = NO;
				CLANG_ANALYZER_NONNULL = YES;
				CLANG_CXX_LANGUAGE_STANDARD = "gnu++20";
				CLANG_ENABLE_MODULES = YES;
				CLANG_ENABLE_OBJC_ARC = YES;
				COPY_PHASE_STRIP = NO;
				DEBUG_INFORMATION_FORMAT = dwarf;
				ENABLE_TESTABILITY = YES;
				GCC_C_LANGUAGE_STANDARD = gnu17;
				GCC_OPTIMIZATION_LEVEL = 0;
				MACOSX_DEPLOYMENT_TARGET = 14.0;
				ONLY_ACTIVE_ARCH = YES;
				SDKROOT = macosx;
				SWIFT_ACTIVE_COMPILATION_CONDITIONS = DEBUG;
				SWIFT_OPTIMIZATION_LEVEL = "-Onone";
			};
			name = Debug;
		};
		C00000000000000000000002 /* Release */ = {
			isa = XCBuildConfiguration;
			buildSettings = {
				ARCHS = "$(ARCHS_STANDARD)";
				ONLY_ACTIVE_ARCH = NO;
				ALWAYS_SEARCH_USER_PATHS = NO;
				CLANG_ANALYZER_NONNULL = YES;
				CLANG_CXX_LANGUAGE_STANDARD = "gnu++20";
				CLANG_ENABLE_MODULES = YES;
				CLANG_ENABLE_OBJC_ARC = YES;
				COPY_PHASE_STRIP = NO;
				DEBUG_INFORMATION_FORMAT = "dwarf-with-dsym";
				ENABLE_NS_ASSERTIONS = NO;
				GCC_C_LANGUAGE_STANDARD = gnu17;
				MACOSX_DEPLOYMENT_TARGET = 14.0;
				SDKROOT = macosx;
				SWIFT_COMPILATION_MODE = wholemodule;
		};
			name = Release;
		};
		C00000000000000000000003 /* Debug */ = {
			isa = XCBuildConfiguration;
			buildSettings = {
				ASSETCATALOG_COMPILER_APPICON_NAME = AppIcon;
				CODE_SIGN_IDENTITY = "-";
				CODE_SIGN_STYLE = Manual;
				COMBINE_HIDPI_IMAGES = YES;
				CURRENT_PROJECT_VERSION = 12;
				EXECUTABLE_NAME = "$(TARGET_NAME)";
				ENABLE_APP_SANDBOX = NO;
				ENABLE_HARDENED_RUNTIME = NO;
				ENABLE_PREVIEWS = YES;
				GENERATE_INFOPLIST_FILE = NO;
				INFOPLIST_FILE = PasteLite/Info.plist;
				LD_RUNPATH_SEARCH_PATHS = (
					"$(inherited)",
					"@executable_path/../Frameworks",
				);
				MACOSX_DEPLOYMENT_TARGET = 14.0;
				MARKETING_VERSION = 1.1.0;
				PRODUCT_BUNDLE_IDENTIFIER = com.local.PasteLite;
				PRODUCT_MODULE_NAME = "$(TARGET_NAME)";
				PRODUCT_NAME = "Paste Lite";
				SUPPORTED_PLATFORMS = macosx;
				SPARKLE_PUBLIC_ED_KEY = "";
				SPARKLE_FEED_URL = "https://github.com/wygkzqa/paste-lite/releases/latest/download/appcast.xml";
				SWIFT_EMIT_LOC_STRINGS = YES;
				SWIFT_STRICT_CONCURRENCY = minimal;
				SWIFT_VERSION = 5.0;
			};
			name = Debug;
		};
		C00000000000000000000004 /* Release */ = {
			isa = XCBuildConfiguration;
			buildSettings = {
				ASSETCATALOG_COMPILER_APPICON_NAME = AppIcon;
				CODE_SIGN_IDENTITY = "-";
				CODE_SIGN_STYLE = Manual;
				COMBINE_HIDPI_IMAGES = YES;
				CURRENT_PROJECT_VERSION = 12;
				EXECUTABLE_NAME = "$(TARGET_NAME)";
				ENABLE_APP_SANDBOX = NO;
				ENABLE_HARDENED_RUNTIME = NO;
				GENERATE_INFOPLIST_FILE = NO;
				INFOPLIST_FILE = PasteLite/Info.plist;
				LD_RUNPATH_SEARCH_PATHS = (
					"$(inherited)",
					"@executable_path/../Frameworks",
				);
				MACOSX_DEPLOYMENT_TARGET = 14.0;
				MARKETING_VERSION = 1.1.0;
				PRODUCT_BUNDLE_IDENTIFIER = com.local.PasteLite;
				PRODUCT_MODULE_NAME = "$(TARGET_NAME)";
				PRODUCT_NAME = "Paste Lite";
				SUPPORTED_PLATFORMS = macosx;
				SPARKLE_PUBLIC_ED_KEY = "";
				SPARKLE_FEED_URL = "https://github.com/wygkzqa/paste-lite/releases/latest/download/appcast.xml";
				SWIFT_EMIT_LOC_STRINGS = YES;
				SWIFT_STRICT_CONCURRENCY = minimal;
				SWIFT_VERSION = 5.0;
			};
			name = Release;
		};
/* End XCBuildConfiguration section */

/* Begin XCRemoteSwiftPackageReference section */
		D00000000000000000000002 /* Sparkle */ = {
			isa = XCRemoteSwiftPackageReference;
			repositoryURL = "https://github.com/sparkle-project/Sparkle";
			requirement = {kind = exactVersion; version = 2.10.0;};
		};
/* End XCRemoteSwiftPackageReference section */

/* Begin XCSwiftPackageProductDependency section */
		D00000000000000000000001 /* Sparkle */ = {
			isa = XCSwiftPackageProductDependency;
			package = D00000000000000000000002 /* Sparkle */;
			productName = Sparkle;
		};
/* End XCSwiftPackageProductDependency section */

/* Begin XCConfigurationList section */
		L00000000000000000000001 /* Build configuration list for PBXProject "PasteLite" */ = {
			isa = XCConfigurationList;
			buildConfigurations = (
				C00000000000000000000001 /* Debug */,
				C00000000000000000000002 /* Release */,
			);
			defaultConfigurationIsVisible = 0;
			defaultConfigurationName = Release;
		};
		L00000000000000000000002 /* Build configuration list for PBXNativeTarget "PasteLite" */ = {
			isa = XCConfigurationList;
			buildConfigurations = (
				C00000000000000000000003 /* Debug */,
				C00000000000000000000004 /* Release */,
			);
			defaultConfigurationIsVisible = 0;
			defaultConfigurationName = Release;
		};
/* End XCConfigurationList section */
	};
	rootObject = P00000000000000000000001 /* Project object */;
}
